
Microsoft Visual Studio Solution File, Format Version 12.00
# Visual Studio Version 17
VisualStudioVersion = 17.5.33530.505
MinimumVisualStudioVersion = 10.0.40219.1
Project("{FAE04EC0-301F-11D3-BF4B-00C04F79EFBC}") = "VirtualAssistant.Api", "VirtualAssistant.Api\VirtualAssistant.Api.csproj", "{633F859F-2ACE-4FD0-B914-45434598F26B}"
EndProject
Project("{FAE04EC0-301F-11D3-BF4B-00C04F79EFBC}") = "VirtualAssitant.Core", "VirtualAssitant.Core\VirtualAssitant.Core.csproj", "{1ED109C5-CCDE-4830-A899-75A67640358D}"
EndProject
Global
	GlobalSection(SolutionConfigurationPlatforms) = preSolution
		Debug|Any CPU = Debug|Any CPU
		Release|Any CPU = Release|Any CPU
	EndGlobalSection
	GlobalSection(ProjectConfigurationPlatforms) = postSolution
		{633F859F-2ACE-4FD0-B914-45434598F26B}.Debug|Any CPU.ActiveCfg = Debug|Any CPU
		{633F859F-2ACE-4FD0-B914-45434598F26B}.Debug|Any CPU.Build.0 = Debug|Any CPU
		{633F859F-2ACE-4FD0-B914-45434598F26B}.Release|Any CPU.ActiveCfg = Release|Any CPU
		{633F859F-2ACE-4FD0-B914-45434598F26B}.Release|Any CPU.Build.0 = Release|Any CPU
		{1ED109C5-CCDE-4830-A899-75A67640358D}.Debug|Any CPU.ActiveCfg = Debug|Any CPU
		{1ED109C5-CCDE-4830-A899-75A67640358D}.Debug|Any CPU.Build.0 = Debug|Any CPU
		{1ED109C5-CCDE-4830-A899-75A67640358D}.Release|Any CPU.ActiveCfg = Release|Any CPU
		{1ED109C5-CCDE-4830-A899-75A67640358D}.Release|Any CPU.Build.0 = Release|Any CPU
	EndGlobalSection
	GlobalSection(SolutionProperties) = preSolution
		HideSolutionNode = FALSE
	EndGlobalSection
	GlobalSection(ExtensibilityGlobals) = postSolution
		SolutionGuid = {6B9EE128-815C-4165-860C-79D472EE1208}
	EndGlobalSection
EndGlobal
